// !$*UTF8*$!
{
	archiveVersion = 1;
	classes = {
	};
	objectVersion = 56;
	objects = {

/* Begin PBXBuildFile section */
		C104C83E2A6EC15500A8B322 /* CGRect+Extensions.swift in Sources */ = {isa = PBXBuildFile; fileRef = C104C83D2A6EC15500A8B322 /* CGRect+Extensions.swift */; };
		C104C8402A6EC4DF00A8B322 /* SharedTransitionConfig.swift in Sources */ = {isa = PBXBuildFile; fileRef = C104C83F2A6EC4DF00A8B322 /* SharedTransitionConfig.swift */; };
		C1765B822A6BDC7100F65D7E /* Then.swift in Sources */ = {isa = PBXBuildFile; fileRef = C1765B812A6BDC7100F65D7E /* Then.swift */; };
		C1765B8C2A6BDCD900F65D7E /* LayoutSizeDimension.swift in Sources */ = {isa = PBXBuildFile; fileRef = C1765B842A6BDCD900F65D7E /* LayoutSizeDimension.swift */; };
		C1765B8D2A6BDCD900F65D7E /* UIView+Fill.swift in Sources */ = {isa = PBXBuildFile; fileRef = C1765B852A6BDCD900F65D7E /* UIView+Fill.swift */; };
		C1765B8E2A6BDCD900F65D7E /* LayoutOperators.swift in Sources */ = {isa = PBXBuildFile; fileRef = C1765B862A6BDCD900F65D7E /* LayoutOperators.swift */; };
		C1765B8F2A6BDCD900F65D7E /* LayoutProperty.swift in Sources */ = {isa = PBXBuildFile; fileRef = C1765B872A6BDCD900F65D7E /* LayoutProperty.swift */; };
		C1765B902A6BDCD900F65D7E /* LayoutAnchor.swift in Sources */ = {isa = PBXBuildFile; fileRef = C1765B882A6BDCD900F65D7E /* LayoutAnchor.swift */; };
		C1765B912A6BDCD900F65D7E /* LayoutDimension.swift in Sources */ = {isa = PBXBuildFile; fileRef = C1765B892A6BDCD900F65D7E /* LayoutDimension.swift */; };
		C1765B922A6BDCD900F65D7E /* LayoutClosure.swift in Sources */ = {isa = PBXBuildFile; fileRef = C1765B8A2A6BDCD900F65D7E /* LayoutClosure.swift */; };
		C1765B932A6BDCD900F65D7E /* LayoutProxy.swift in Sources */ = {isa = PBXBuildFile; fileRef = C1765B8B2A6BDCD900F65D7E /* LayoutProxy.swift */; };
		C1765B9A2A6BE63000F65D7E /* CellReuse.swift in Sources */ = {isa = PBXBuildFile; fileRef = C1765B992A6BE63000F65D7E /* CellReuse.swift */; };
		C1765B9E2A6BECA000F65D7E /* ImageView.swift in Sources */ = {isa = PBXBuildFile; fileRef = C1765B9D2A6BECA000F65D7E /* ImageView.swift */; };
		C1765BA12A6BED5700F65D7E /* ImageCache.swift in Sources */ = {isa = PBXBuildFile; fileRef = C1765BA02A6BED5700F65D7E /* ImageCache.swift */; };
		C1765BA32A6BED5E00F65D7E /* ImageMemoryCache.swift in Sources */ = {isa = PBXBuildFile; fileRef = C1765BA22A6BED5E00F65D7E /* ImageMemoryCache.swift */; };
		C1765BAD2A6C4C8700F65D7E /* SharedTransitionAnimator.swift in Sources */ = {isa = PBXBuildFile; fileRef = C1765BAC2A6C4C8700F65D7E /* SharedTransitionAnimator.swift */; };
		C1765BBC2A6C7D7800F65D7E /* UIView+Extensions.swift in Sources */ = {isa = PBXBuildFile; fileRef = C1765BBB2A6C7D7800F65D7E /* UIView+Extensions.swift */; };
		C1765BBE2A6C800100F65D7E /* UIApplication+KeyWindow.swift in Sources */ = {isa = PBXBuildFile; fileRef = C1765BBD2A6C800100F65D7E /* UIApplication+KeyWindow.swift */; };
		C1765BC02A6C833100F65D7E /* CGAffineTransform+Extensions.swift in Sources */ = {isa = PBXBuildFile; fileRef = C1765BBF2A6C833100F65D7E /* CGAffineTransform+Extensions.swift */; };
		C1765BC42A6D74BE00F65D7E /* UICollectionView+Extensions.swift in Sources */ = {isa = PBXBuildFile; fileRef = C1765BC32A6D74BE00F65D7E /* UICollectionView+Extensions.swift */; };
		C1765BC82A6DB36F00F65D7E /* SharedTransitionInteractionController.swift in Sources */ = {isa = PBXBuildFile; fileRef = C1765BC72A6DB36F00F65D7E /* SharedTransitionInteractionController.swift */; };
		C1765BCA2A6DC27600F65D7E /* SharedTransitioning.swift in Sources */ = {isa = PBXBuildFile; fileRef = C1765BC92A6DC27600F65D7E /* SharedTransitioning.swift */; };
		C1765BCC2A6E930600F65D7E /* UIScrollView+Extensions.swift in Sources */ = {isa = PBXBuildFile; fileRef = C1765BCB2A6E930600F65D7E /* UIScrollView+Extensions.swift */; };
		CD17709F2BE3CF2200C9BC8A /* AnimatedTextView.swift in Sources */ = {isa = PBXBuildFile; fileRef = CD17709E2BE3CF2200C9BC8A /* AnimatedTextView.swift */; };
		CD3154892BEB02350020968E /* SearchScreen.swift in Sources */ = {isa = PBXBuildFile; fileRef = CD3154882BEB02350020968E /* SearchScreen.swift */; };
		CD44F6762C05167D0021DE21 /* SoundScreen.swift in Sources */ = {isa = PBXBuildFile; fileRef = CD44F6712C05167D0021DE21 /* SoundScreen.swift */; };
		CD44F6782C05167D0021DE21 /* EntryScreen.swift in Sources */ = {isa = PBXBuildFile; fileRef = CD44F6732C05167D0021DE21 /* EntryScreen.swift */; };
		CD44F6792C05167D0021DE21 /* FeedScreen.swift in Sources */ = {isa = PBXBuildFile; fileRef = CD44F6742C05167D0021DE21 /* FeedScreen.swift */; };
		CD44F67A2C05167D0021DE21 /* AuthScreen.swift in Sources */ = {isa = PBXBuildFile; fileRef = CD44F6752C05167D0021DE21 /* AuthScreen.swift */; };
		CD44F67E2C05168E0021DE21 /* FeedAPI.swift in Sources */ = {isa = PBXBuildFile; fileRef = CD44F67B2C05168E0021DE21 /* FeedAPI.swift */; };
		CD44F67F2C05168E0021DE21 /* APIClient.swift in Sources */ = {isa = PBXBuildFile; fileRef = CD44F67C2C05168E0021DE21 /* APIClient.swift */; };
		CD44F6802C05168E0021DE21 /* SearchAPI.swift in Sources */ = {isa = PBXBuildFile; fileRef = CD44F67D2C05168E0021DE21 /* SearchAPI.swift */; };
		CD44F68B2C0516C00021DE21 /* DialView.swift in Sources */ = {isa = PBXBuildFile; fileRef = CD44F6862C0516BF0021DE21 /* DialView.swift */; };
		CD44F68C2C0516C00021DE21 /* CircleView.swift in Sources */ = {isa = PBXBuildFile; fileRef = CD44F6872C0516BF0021DE21 /* CircleView.swift */; };
		CD44F68D2C0516C00021DE21 /* DashView.swift in Sources */ = {isa = PBXBuildFile; fileRef = CD44F6882C0516BF0021DE21 /* DashView.swift */; };
		CD44F68E2C0516C00021DE21 /* FeedCell.swift in Sources */ = {isa = PBXBuildFile; fileRef = CD44F6892C0516BF0021DE21 /* FeedCell.swift */; };
		CD54003E2BF6C7A700666F61 /* UIImage.swift in Sources */ = {isa = PBXBuildFile; fileRef = CD54003D2BF6C7A700666F61 /* UIImage.swift */; };
		CD550AB52BE12C670070109C /* StarRatingView.swift in Sources */ = {isa = PBXBuildFile; fileRef = CD550AB22BE12C670070109C /* StarRatingView.swift */; };
		CD5761512BFC79E80032F347 /* KeychainHelper.swift in Sources */ = {isa = PBXBuildFile; fileRef = CD5761502BFC79E80032F347 /* KeychainHelper.swift */; };
		CD5761532BFCD11F0032F347 /* VisionColor.swift in Sources */ = {isa = PBXBuildFile; fileRef = CD5761522BFCD11F0032F347 /* VisionColor.swift */; };
		CD5761CE2BFF9BC70032F347 /* vaela.xcdatamodeld in Sources */ = {isa = PBXBuildFile; fileRef = CD5761CC2BFF9BC70032F347 /* vaela.xcdatamodeld */; };
		CD5761D02BFF9C3A0032F347 /* CoreDataStack.swift in Sources */ = {isa = PBXBuildFile; fileRef = CD5761CF2BFF9C3A0032F347 /* CoreDataStack.swift */; };
		CD5762732C00DEE20032F347 /* UINavigationManager.swift in Sources */ = {isa = PBXBuildFile; fileRef = CD5762722C00DEE20032F347 /* UINavigationManager.swift */; };
		CD5762752C00E2890032F347 /* UserAPI.swift in Sources */ = {isa = PBXBuildFile; fileRef = CD5762742C00E2890032F347 /* UserAPI.swift */; };
		CD5762772C02A85C0032F347 /* UIImageView.swift in Sources */ = {isa = PBXBuildFile; fileRef = CD5762762C02A85C0032F347 /* UIImageView.swift */; };
		CD67D4F32BE5B2C00039A5D2 /* UIColor.swift in Sources */ = {isa = PBXBuildFile; fileRef = CD67D4F22BE5B2C00039A5D2 /* UIColor.swift */; };
		CD67D5142BE98F230039A5D2 /* NavBarView.swift in Sources */ = {isa = PBXBuildFile; fileRef = CD67D5132BE98F230039A5D2 /* NavBarView.swift */; };
		CD67D5182BEA87640039A5D2 /* SearchModel.swift in Sources */ = {isa = PBXBuildFile; fileRef = CD67D5172BEA87640039A5D2 /* SearchModel.swift */; };
		CD6F0B162C10067E00FA67D8 /* Assets.xcassets in Resources */ = {isa = PBXBuildFile; fileRef = CD6F0B152C10067E00FA67D8 /* Assets.xcassets */; };
		CD6F0B192C11706800FA67D8 /* AvatarView.swift in Sources */ = {isa = PBXBuildFile; fileRef = CD6F0B182C11706800FA67D8 /* AvatarView.swift */; };
		CD6F0B1B2C16434600FA67D8 /* UIFont.swift in Sources */ = {isa = PBXBuildFile; fileRef = CD6F0B1A2C16434600FA67D8 /* UIFont.swift */; };
		CD85093D2BF592AB0061B4F0 /* UITextView.swift in Sources */ = {isa = PBXBuildFile; fileRef = CD85093C2BF592AB0061B4F0 /* UITextView.swift */; };
		CD93DE572C0D1C9100E361B5 /* PostEntryAPI.swift in Sources */ = {isa = PBXBuildFile; fileRef = CD93DE562C0D1C9100E361B5 /* PostEntryAPI.swift */; };
		CD9591682C0530E100B3015C /* UserModel.swift in Sources */ = {isa = PBXBuildFile; fileRef = CD9591672C0530E100B3015C /* UserModel.swift */; };
		CD95916A2C055DCD00B3015C /* UserScreen.swift in Sources */ = {isa = PBXBuildFile; fileRef = CD9591692C055DCD00B3015C /* UserScreen.swift */; };
		CD95916C2C0960CD00B3015C /* FormArtworkView.swift in Sources */ = {isa = PBXBuildFile; fileRef = CD95916B2C0960CD00B3015C /* FormArtworkView.swift */; };
		CDA978F62BE10CBB002F3EA6 /* App.swift in Sources */ = {isa = PBXBuildFile; fileRef = CDA978F52BE10CBB002F3EA6 /* App.swift */; };
		CDA979C92BE12705002F3EA6 /* FeedModel.swift in Sources */ = {isa = PBXBuildFile; fileRef = CDA979C82BE12705002F3EA6 /* FeedModel.swift */; };
/* End PBXBuildFile section */

/* Begin PBXFileReference section */
		C104C83D2A6EC15500A8B322 /* CGRect+Extensions.swift */ = {isa = PBXFileReference; lastKnownFileType = sourcecode.swift; path = "CGRect+Extensions.swift"; sourceTree = "<group>"; };
		C104C83F2A6EC4DF00A8B322 /* SharedTransitionConfig.swift */ = {isa = PBXFileReference; lastKnownFileType = sourcecode.swift; path = SharedTransitionConfig.swift; sourceTree = "<group>"; };
		C1765B5E2A6BD3AF00F65D7E /* Audition.app */ = {isa = PBXFileReference; explicitFileType = wrapper.application; includeInIndex = 0; path = Audition.app; sourceTree = BUILT_PRODUCTS_DIR; };
		C1765B812A6BDC7100F65D7E /* Then.swift */ = {isa = PBXFileReference; lastKnownFileType = sourcecode.swift; path = Then.swift; sourceTree = "<group>"; };
		C1765B842A6BDCD900F65D7E /* LayoutSizeDimension.swift */ = {isa = PBXFileReference; fileEncoding = 4; lastKnownFileType = sourcecode.swift; path = LayoutSizeDimension.swift; sourceTree = "<group>"; };
		C1765B852A6BDCD900F65D7E /* UIView+Fill.swift */ = {isa = PBXFileReference; fileEncoding = 4; lastKnownFileType = sourcecode.swift; path = "UIView+Fill.swift"; sourceTree = "<group>"; };
		C1765B862A6BDCD900F65D7E /* LayoutOperators.swift */ = {isa = PBXFileReference; fileEncoding = 4; lastKnownFileType = sourcecode.swift; path = LayoutOperators.swift; sourceTree = "<group>"; };
		C1765B872A6BDCD900F65D7E /* LayoutProperty.swift */ = {isa = PBXFileReference; fileEncoding = 4; lastKnownFileType = sourcecode.swift; path = LayoutProperty.swift; sourceTree = "<group>"; };
		C1765B882A6BDCD900F65D7E /* LayoutAnchor.swift */ = {isa = PBXFileReference; fileEncoding = 4; lastKnownFileType = sourcecode.swift; path = LayoutAnchor.swift; sourceTree = "<group>"; };
		C1765B892A6BDCD900F65D7E /* LayoutDimension.swift */ = {isa = PBXFileReference; fileEncoding = 4; lastKnownFileType = sourcecode.swift; path = LayoutDimension.swift; sourceTree = "<group>"; };
		C1765B8A2A6BDCD900F65D7E /* LayoutClosure.swift */ = {isa = PBXFileReference; fileEncoding = 4; lastKnownFileType = sourcecode.swift; path = LayoutClosure.swift; sourceTree = "<group>"; };
		C1765B8B2A6BDCD900F65D7E /* LayoutProxy.swift */ = {isa = PBXFileReference; fileEncoding = 4; lastKnownFileType = sourcecode.swift; path = LayoutProxy.swift; sourceTree = "<group>"; };
		C1765B992A6BE63000F65D7E /* CellReuse.swift */ = {isa = PBXFileReference; lastKnownFileType = sourcecode.swift; path = CellReuse.swift; sourceTree = "<group>"; };
		C1765B9D2A6BECA000F65D7E /* ImageView.swift */ = {isa = PBXFileReference; lastKnownFileType = sourcecode.swift; path = ImageView.swift; sourceTree = "<group>"; };
		C1765BA02A6BED5700F65D7E /* ImageCache.swift */ = {isa = PBXFileReference; lastKnownFileType = sourcecode.swift; path = ImageCache.swift; sourceTree = "<group>"; };
		C1765BA22A6BED5E00F65D7E /* ImageMemoryCache.swift */ = {isa = PBXFileReference; lastKnownFileType = sourcecode.swift; path = ImageMemoryCache.swift; sourceTree = "<group>"; };
		C1765BAC2A6C4C8700F65D7E /* SharedTransitionAnimator.swift */ = {isa = PBXFileReference; lastKnownFileType = sourcecode.swift; path = SharedTransitionAnimator.swift; sourceTree = "<group>"; };
		C1765BBB2A6C7D7800F65D7E /* UIView+Extensions.swift */ = {isa = PBXFileReference; lastKnownFileType = sourcecode.swift; path = "UIView+Extensions.swift"; sourceTree = "<group>"; };
		C1765BBD2A6C800100F65D7E /* UIApplication+KeyWindow.swift */ = {isa = PBXFileReference; lastKnownFileType = sourcecode.swift; path = "UIApplication+KeyWindow.swift"; sourceTree = "<group>"; };
		C1765BBF2A6C833100F65D7E /* CGAffineTransform+Extensions.swift */ = {isa = PBXFileReference; lastKnownFileType = sourcecode.swift; path = "CGAffineTransform+Extensions.swift"; sourceTree = "<group>"; };
		C1765BC32A6D74BE00F65D7E /* UICollectionView+Extensions.swift */ = {isa = PBXFileReference; lastKnownFileType = sourcecode.swift; path = "UICollectionView+Extensions.swift"; sourceTree = "<group>"; };
		C1765BC72A6DB36F00F65D7E /* SharedTransitionInteractionController.swift */ = {isa = PBXFileReference; lastKnownFileType = sourcecode.swift; path = SharedTransitionInteractionController.swift; sourceTree = "<group>"; };
		C1765BC92A6DC27600F65D7E /* SharedTransitioning.swift */ = {isa = PBXFileReference; lastKnownFileType = sourcecode.swift; path = SharedTransitioning.swift; sourceTree = "<group>"; };
		C1765BCB2A6E930600F65D7E /* UIScrollView+Extensions.swift */ = {isa = PBXFileReference; lastKnownFileType = sourcecode.swift; path = "UIScrollView+Extensions.swift"; sourceTree = "<group>"; };
		CD17709E2BE3CF2200C9BC8A /* AnimatedTextView.swift */ = {isa = PBXFileReference; lastKnownFileType = sourcecode.swift; path = AnimatedTextView.swift; sourceTree = "<group>"; };
		CD3154882BEB02350020968E /* SearchScreen.swift */ = {isa = PBXFileReference; lastKnownFileType = sourcecode.swift; path = SearchScreen.swift; sourceTree = "<group>"; };
		CD44F6712C05167D0021DE21 /* SoundScreen.swift */ = {isa = PBXFileReference; fileEncoding = 4; lastKnownFileType = sourcecode.swift; path = SoundScreen.swift; sourceTree = "<group>"; };
		CD44F6732C05167D0021DE21 /* EntryScreen.swift */ = {isa = PBXFileReference; fileEncoding = 4; lastKnownFileType = sourcecode.swift; path = EntryScreen.swift; sourceTree = "<group>"; };
		CD44F6742C05167D0021DE21 /* FeedScreen.swift */ = {isa = PBXFileReference; fileEncoding = 4; lastKnownFileType = sourcecode.swift; path = FeedScreen.swift; sourceTree = "<group>"; };
		CD44F6752C05167D0021DE21 /* AuthScreen.swift */ = {isa = PBXFileReference; fileEncoding = 4; lastKnownFileType = sourcecode.swift; path = AuthScreen.swift; sourceTree = "<group>"; };
		CD44F67B2C05168E0021DE21 /* FeedAPI.swift */ = {isa = PBXFileReference; fileEncoding = 4; lastKnownFileType = sourcecode.swift; path = FeedAPI.swift; sourceTree = "<group>"; };
		CD44F67C2C05168E0021DE21 /* APIClient.swift */ = {isa = PBXFileReference; fileEncoding = 4; lastKnownFileType = sourcecode.swift; path = APIClient.swift; sourceTree = "<group>"; };
		CD44F67D2C05168E0021DE21 /* SearchAPI.swift */ = {isa = PBXFileReference; fileEncoding = 4; lastKnownFileType = sourcecode.swift; path = SearchAPI.swift; sourceTree = "<group>"; };
		CD44F6862C0516BF0021DE21 /* DialView.swift */ = {isa = PBXFileReference; fileEncoding = 4; lastKnownFileType = sourcecode.swift; path = DialView.swift; sourceTree = "<group>"; };
		CD44F6872C0516BF0021DE21 /* CircleView.swift */ = {isa = PBXFileReference; fileEncoding = 4; lastKnownFileType = sourcecode.swift; path = CircleView.swift; sourceTree = "<group>"; };
		CD44F6882C0516BF0021DE21 /* DashView.swift */ = {isa = PBXFileReference; fileEncoding = 4; lastKnownFileType = sourcecode.swift; path = DashView.swift; sourceTree = "<group>"; };
		CD44F6892C0516BF0021DE21 /* FeedCell.swift */ = {isa = PBXFileReference; fileEncoding = 4; lastKnownFileType = sourcecode.swift; path = FeedCell.swift; sourceTree = "<group>"; };
		CD54003D2BF6C7A700666F61 /* UIImage.swift */ = {isa = PBXFileReference; lastKnownFileType = sourcecode.swift; path = UIImage.swift; sourceTree = "<group>"; };
		CD550AB22BE12C670070109C /* StarRatingView.swift */ = {isa = PBXFileReference; fileEncoding = 4; lastKnownFileType = sourcecode.swift; path = StarRatingView.swift; sourceTree = "<group>"; };
		CD5760F12BF994D40032F347 /* Audition.entitlements */ = {isa = PBXFileReference; lastKnownFileType = text.plist.entitlements; path = Audition.entitlements; sourceTree = "<group>"; };
		CD5761502BFC79E80032F347 /* KeychainHelper.swift */ = {isa = PBXFileReference; lastKnownFileType = sourcecode.swift; path = KeychainHelper.swift; sourceTree = "<group>"; };
		CD5761522BFCD11F0032F347 /* VisionColor.swift */ = {isa = PBXFileReference; lastKnownFileType = sourcecode.swift; path = VisionColor.swift; sourceTree = "<group>"; };
		CD5761CD2BFF9BC70032F347 /* Vaela.xcdatamodel */ = {isa = PBXFileReference; lastKnownFileType = wrapper.xcdatamodel; path = Vaela.xcdatamodel; sourceTree = "<group>"; };
		CD5761CF2BFF9C3A0032F347 /* CoreDataStack.swift */ = {isa = PBXFileReference; lastKnownFileType = sourcecode.swift; path = CoreDataStack.swift; sourceTree = "<group>"; };
		CD5762722C00DEE20032F347 /* UINavigationManager.swift */ = {isa = PBXFileReference; lastKnownFileType = sourcecode.swift; path = UINavigationManager.swift; sourceTree = "<group>"; };
		CD5762742C00E2890032F347 /* UserAPI.swift */ = {isa = PBXFileReference; lastKnownFileType = sourcecode.swift; path = UserAPI.swift; sourceTree = "<group>"; };
		CD5762762C02A85C0032F347 /* UIImageView.swift */ = {isa = PBXFileReference; lastKnownFileType = sourcecode.swift; path = UIImageView.swift; sourceTree = "<group>"; };
		CD67D4F22BE5B2C00039A5D2 /* UIColor.swift */ = {isa = PBXFileReference; lastKnownFileType = sourcecode.swift; path = UIColor.swift; sourceTree = "<group>"; };
		CD67D5132BE98F230039A5D2 /* NavBarView.swift */ = {isa = PBXFileReference; lastKnownFileType = sourcecode.swift; path = NavBarView.swift; sourceTree = "<group>"; };
		CD67D5172BEA87640039A5D2 /* SearchModel.swift */ = {isa = PBXFileReference; lastKnownFileType = sourcecode.swift; path = SearchModel.swift; sourceTree = "<group>"; };
		CD6F0B152C10067E00FA67D8 /* Assets.xcassets */ = {isa = PBXFileReference; lastKnownFileType = folder.assetcatalog; path = Assets.xcassets; sourceTree = "<group>"; };
		CD6F0B182C11706800FA67D8 /* AvatarView.swift */ = {isa = PBXFileReference; lastKnownFileType = sourcecode.swift; path = AvatarView.swift; sourceTree = "<group>"; };
		CD6F0B1A2C16434600FA67D8 /* UIFont.swift */ = {isa = PBXFileReference; lastKnownFileType = sourcecode.swift; path = UIFont.swift; sourceTree = "<group>"; };
		CD85093C2BF592AB0061B4F0 /* UITextView.swift */ = {isa = PBXFileReference; lastKnownFileType = sourcecode.swift; path = UITextView.swift; sourceTree = "<group>"; };
		CD93DE562C0D1C9100E361B5 /* PostEntryAPI.swift */ = {isa = PBXFileReference; lastKnownFileType = sourcecode.swift; path = PostEntryAPI.swift; sourceTree = "<group>"; };
		CD9591672C0530E100B3015C /* UserModel.swift */ = {isa = PBXFileReference; lastKnownFileType = sourcecode.swift; path = UserModel.swift; sourceTree = "<group>"; };
		CD9591692C055DCD00B3015C /* UserScreen.swift */ = {isa = PBXFileReference; lastKnownFileType = sourcecode.swift; path = UserScreen.swift; sourceTree = "<group>"; };
		CD95916B2C0960CD00B3015C /* FormArtworkView.swift */ = {isa = PBXFileReference; lastKnownFileType = sourcecode.swift; path = FormArtworkView.swift; sourceTree = "<group>"; };
		CDA978F52BE10CBB002F3EA6 /* App.swift */ = {isa = PBXFileReference; lastKnownFileType = sourcecode.swift; lineEnding = 0; path = App.swift; sourceTree = "<group>"; wrapsLines = 1; };
		CDA979C82BE12705002F3EA6 /* FeedModel.swift */ = {isa = PBXFileReference; fileEncoding = 4; lastKnownFileType = sourcecode.swift; path = FeedModel.swift; sourceTree = "<group>"; };
/* End PBXFileReference section */

/* Begin PBXFrameworksBuildPhase section */
		C1765B5B2A6BD3AF00F65D7E /* Frameworks */ = {
			isa = PBXFrameworksBuildPhase;
			buildActionMask = 2147483647;
			files = (
			);
			runOnlyForDeploymentPostprocessing = 0;
		};
/* End PBXFrameworksBuildPhase section */

/* Begin PBXGroup section */
		C104C8412A6ECB5B00A8B322 /* Transition */ = {
			isa = PBXGroup;
			children = (
				C1765BAC2A6C4C8700F65D7E /* SharedTransitionAnimator.swift */,
				C104C83F2A6EC4DF00A8B322 /* SharedTransitionConfig.swift */,
				C1765BC92A6DC27600F65D7E /* SharedTransitioning.swift */,
				C1765BC72A6DB36F00F65D7E /* SharedTransitionInteractionController.swift */,
			);
			path = Transition;
			sourceTree = "<group>";
		};
		C1765B552A6BD3AF00F65D7E = {
			isa = PBXGroup;
			children = (
				CD5760F12BF994D40032F347 /* Audition.entitlements */,
				C1765B602A6BD3AF00F65D7E /* App */,
				C1765B7B2A6BD8AC00F65D7E /* Source */,
				C1765B5F2A6BD3AF00F65D7E /* Products */,
			);
			sourceTree = "<group>";
			wrapsLines = 1;
		};
		C1765B5F2A6BD3AF00F65D7E /* Products */ = {
			isa = PBXGroup;
			children = (
				C1765B5E2A6BD3AF00F65D7E /* Audition.app */,
			);
			name = Products;
			sourceTree = "<group>";
		};
		C1765B602A6BD3AF00F65D7E /* App */ = {
			isa = PBXGroup;
			children = (
				CD6F0B152C10067E00FA67D8 /* Assets.xcassets */,
				CDA978F52BE10CBB002F3EA6 /* App.swift */,
			);
			path = App;
			sourceTree = "<group>";
		};
		C1765B7B2A6BD8AC00F65D7E /* Source */ = {
			isa = PBXGroup;
			children = (
				C1765B7C2A6BDBE500F65D7E /* Components */,
				CD5761E92BFFBD940032F347 /* CoreData */,
				C1765B942A6BE44000F65D7E /* Models */,
				CD5761EA2BFFC8490032F347 /* Networking */,
				C1765B802A6BDC6200F65D7E /* Screens */,
				C104C8412A6ECB5B00A8B322 /* Transition */,
				C1765B7F2A6BDC5000F65D7E /* Utils */,
			);
			path = Source;
			sourceTree = "<group>";
		};
		C1765B7C2A6BDBE500F65D7E /* Components */ = {
			isa = PBXGroup;
			children = (
				CD6F0B172C11703600FA67D8 /* NavBar */,
				CD17709E2BE3CF2200C9BC8A /* AnimatedTextView.swift */,
				CD44F6872C0516BF0021DE21 /* CircleView.swift */,
				CD44F6882C0516BF0021DE21 /* DashView.swift */,
				CD44F6862C0516BF0021DE21 /* DialView.swift */,
				CD44F6892C0516BF0021DE21 /* FeedCell.swift */,
				CD95916B2C0960CD00B3015C /* FormArtworkView.swift */,
				C1765B9F2A6BED5000F65D7E /* ImageView */,
				CD550AB22BE12C670070109C /* StarRatingView.swift */,
			);
			path = Components;
			sourceTree = "<group>";
		};
		C1765B7F2A6BDC5000F65D7E /* Utils */ = {
			isa = PBXGroup;
			children = (
				C1765B992A6BE63000F65D7E /* CellReuse.swift */,
				C1765BBF2A6C833100F65D7E /* CGAffineTransform+Extensions.swift */,
				C104C83D2A6EC15500A8B322 /* CGRect+Extensions.swift */,
				C1765B832A6BDCC900F65D7E /* ClosureLayout */,
				CD5761502BFC79E80032F347 /* KeychainHelper.swift */,
				C1765B812A6BDC7100F65D7E /* Then.swift */,
				C1765BBD2A6C800100F65D7E /* UIApplication+KeyWindow.swift */,
				C1765BC32A6D74BE00F65D7E /* UICollectionView+Extensions.swift */,
				CD67D4F22BE5B2C00039A5D2 /* UIColor.swift */,
				CD54003D2BF6C7A700666F61 /* UIImage.swift */,
				CD5762762C02A85C0032F347 /* UIImageView.swift */,
				CD5762722C00DEE20032F347 /* UINavigationManager.swift */,
				C1765BCB2A6E930600F65D7E /* UIScrollView+Extensions.swift */,
				CD85093C2BF592AB0061B4F0 /* UITextView.swift */,
				C1765BBB2A6C7D7800F65D7E /* UIView+Extensions.swift */,
				CD5761522BFCD11F0032F347 /* VisionColor.swift */,
				CD6F0B1A2C16434600FA67D8 /* UIFont.swift */,
			);
			path = Utils;
			sourceTree = "<group>";
		};
		C1765B802A6BDC6200F65D7E /* Screens */ = {
			isa = PBXGroup;
			children = (
				CD44F6752C05167D0021DE21 /* AuthScreen.swift */,
				CD44F6732C05167D0021DE21 /* EntryScreen.swift */,
				CD44F6742C05167D0021DE21 /* FeedScreen.swift */,
				CD3154882BEB02350020968E /* SearchScreen.swift */,
				CD44F6712C05167D0021DE21 /* SoundScreen.swift */,
				CD9591692C055DCD00B3015C /* UserScreen.swift */,
			);
			path = Screens;
			sourceTree = "<group>";
		};
		C1765B832A6BDCC900F65D7E /* ClosureLayout */ = {
			isa = PBXGroup;
			children = (
				C1765B882A6BDCD900F65D7E /* LayoutAnchor.swift */,
				C1765B8A2A6BDCD900F65D7E /* LayoutClosure.swift */,
				C1765B892A6BDCD900F65D7E /* LayoutDimension.swift */,
				C1765B862A6BDCD900F65D7E /* LayoutOperators.swift */,
				C1765B872A6BDCD900F65D7E /* LayoutProperty.swift */,
				C1765B8B2A6BDCD900F65D7E /* LayoutProxy.swift */,
				C1765B842A6BDCD900F65D7E /* LayoutSizeDimension.swift */,
				C1765B852A6BDCD900F65D7E /* UIView+Fill.swift */,
			);
			path = ClosureLayout;
			sourceTree = "<group>";
		};
		C1765B942A6BE44000F65D7E /* Models */ = {
			isa = PBXGroup;
			children = (
				CDA979C82BE12705002F3EA6 /* FeedModel.swift */,
				CD67D5172BEA87640039A5D2 /* SearchModel.swift */,
				CD9591672C0530E100B3015C /* UserModel.swift */,
			);
			path = Models;
			sourceTree = "<group>";
		};
		C1765B9F2A6BED5000F65D7E /* ImageView */ = {
			isa = PBXGroup;
			children = (
				C1765BA02A6BED5700F65D7E /* ImageCache.swift */,
				C1765BA22A6BED5E00F65D7E /* ImageMemoryCache.swift */,
				C1765B9D2A6BECA000F65D7E /* ImageView.swift */,
			);
			path = ImageView;
			sourceTree = "<group>";
		};
		CD5761E92BFFBD940032F347 /* CoreData */ = {
			isa = PBXGroup;
			children = (
				CD5761CF2BFF9C3A0032F347 /* CoreDataStack.swift */,
				CD5761CC2BFF9BC70032F347 /* vaela.xcdatamodeld */,
			);
			path = CoreData;
			sourceTree = "<group>";
		};
		CD5761EA2BFFC8490032F347 /* Networking */ = {
			isa = PBXGroup;
			children = (
				CD44F67C2C05168E0021DE21 /* APIClient.swift */,
				CD44F67B2C05168E0021DE21 /* FeedAPI.swift */,
				CD44F67D2C05168E0021DE21 /* SearchAPI.swift */,
				CD5762742C00E2890032F347 /* UserAPI.swift */,
				CD93DE562C0D1C9100E361B5 /* PostEntryAPI.swift */,
			);
			path = Networking;
			sourceTree = "<group>";
		};
		CD6F0B172C11703600FA67D8 /* NavBar */ = {
			isa = PBXGroup;
			children = (
				CD67D5132BE98F230039A5D2 /* NavBarView.swift */,
				CD6F0B182C11706800FA67D8 /* AvatarView.swift */,
			);
			path = NavBar;
			sourceTree = "<group>";
		};
/* End PBXGroup section */

/* Begin PBXNativeTarget section */
		C1765B5D2A6BD3AF00F65D7E /* Audition */ = {
			isa = PBXNativeTarget;
			buildConfigurationList = C1765B722A6BD3AF00F65D7E /* Build configuration list for PBXNativeTarget "Audition" */;
			buildPhases = (
				C1765B5A2A6BD3AF00F65D7E /* Sources */,
				C1765B5B2A6BD3AF00F65D7E /* Frameworks */,
				C1765B5C2A6BD3AF00F65D7E /* Resources */,
			);
			buildRules = (
			);
			dependencies = (
			);
			name = Audition;
			productName = InstagramTransition;
			productReference = C1765B5E2A6BD3AF00F65D7E /* Audition.app */;
			productType = "com.apple.product-type.application";
		};
/* End PBXNativeTarget section */

/* Begin PBXProject section */
		C1765B562A6BD3AF00F65D7E /* Project object */ = {
			isa = PBXProject;
			attributes = {
				BuildIndependentTargetsInParallel = 1;
				LastSwiftUpdateCheck = 1430;
				LastUpgradeCheck = 1500;
				TargetAttributes = {
					C1765B5D2A6BD3AF00F65D7E = {
						CreatedOnToolsVersion = 14.3;
					};
				};
			};
			buildConfigurationList = C1765B592A6BD3AF00F65D7E /* Build configuration list for PBXProject "Audition" */;
			compatibilityVersion = "Xcode 14.0";
			developmentRegion = en;
			hasScannedForEncodings = 0;
			knownRegions = (
				en,
				Base,
			);
			mainGroup = C1765B552A6BD3AF00F65D7E;
			productRefGroup = C1765B5F2A6BD3AF00F65D7E /* Products */;
			projectDirPath = "";
			projectRoot = "";
			targets = (
				C1765B5D2A6BD3AF00F65D7E /* Audition */,
			);
		};
/* End PBXProject section */

/* Begin PBXResourcesBuildPhase section */
		C1765B5C2A6BD3AF00F65D7E /* Resources */ = {
			isa = PBXResourcesBuildPhase;
			buildActionMask = 2147483647;
			files = (
				CD6F0B162C10067E00FA67D8 /* Assets.xcassets in Resources */,
			);
			runOnlyForDeploymentPostprocessing = 0;
		};
/* End PBXResourcesBuildPhase section */

/* Begin PBXSourcesBuildPhase section */
		C1765B5A2A6BD3AF00F65D7E /* Sources */ = {
			isa = PBXSourcesBuildPhase;
			buildActionMask = 2147483647;
			files = (
				CD44F67A2C05167D0021DE21 /* AuthScreen.swift in Sources */,
				C1765B8D2A6BDCD900F65D7E /* UIView+Fill.swift in Sources */,
				C1765B9A2A6BE63000F65D7E /* CellReuse.swift in Sources */,
				C1765B8F2A6BDCD900F65D7E /* LayoutProperty.swift in Sources */,
				CD67D5182BEA87640039A5D2 /* SearchModel.swift in Sources */,
				CD93DE572C0D1C9100E361B5 /* PostEntryAPI.swift in Sources */,
				C1765BC42A6D74BE00F65D7E /* UICollectionView+Extensions.swift in Sources */,
				CD95916A2C055DCD00B3015C /* UserScreen.swift in Sources */,
				CD5761D02BFF9C3A0032F347 /* CoreDataStack.swift in Sources */,
				C1765BBE2A6C800100F65D7E /* UIApplication+KeyWindow.swift in Sources */,
				C1765B9E2A6BECA000F65D7E /* ImageView.swift in Sources */,
				CDA978F62BE10CBB002F3EA6 /* App.swift in Sources */,
				CD44F67F2C05168E0021DE21 /* APIClient.swift in Sources */,
				C1765B902A6BDCD900F65D7E /* LayoutAnchor.swift in Sources */,
				CD67D5142BE98F230039A5D2 /* NavBarView.swift in Sources */,
				CD44F67E2C05168E0021DE21 /* FeedAPI.swift in Sources */,
				CD44F68E2C0516C00021DE21 /* FeedCell.swift in Sources */,
				CD5761512BFC79E80032F347 /* KeychainHelper.swift in Sources */,
				CD5762732C00DEE20032F347 /* UINavigationManager.swift in Sources */,
				CD5762772C02A85C0032F347 /* UIImageView.swift in Sources */,
				C1765BC02A6C833100F65D7E /* CGAffineTransform+Extensions.swift in Sources */,
				C1765B912A6BDCD900F65D7E /* LayoutDimension.swift in Sources */,
				C1765B822A6BDC7100F65D7E /* Then.swift in Sources */,
				C1765BC82A6DB36F00F65D7E /* SharedTransitionInteractionController.swift in Sources */,
				CD17709F2BE3CF2200C9BC8A /* AnimatedTextView.swift in Sources */,
				CD44F6802C05168E0021DE21 /* SearchAPI.swift in Sources */,
				C1765BA12A6BED5700F65D7E /* ImageCache.swift in Sources */,
				C104C83E2A6EC15500A8B322 /* CGRect+Extensions.swift in Sources */,
				C1765BAD2A6C4C8700F65D7E /* SharedTransitionAnimator.swift in Sources */,
				CD6F0B1B2C16434600FA67D8 /* UIFont.swift in Sources */,
				CD44F68D2C0516C00021DE21 /* DashView.swift in Sources */,
				CD44F6762C05167D0021DE21 /* SoundScreen.swift in Sources */,
				C1765B8E2A6BDCD900F65D7E /* LayoutOperators.swift in Sources */,
				C1765BBC2A6C7D7800F65D7E /* UIView+Extensions.swift in Sources */,
				CD95916C2C0960CD00B3015C /* FormArtworkView.swift in Sources */,
				CD67D4F32BE5B2C00039A5D2 /* UIColor.swift in Sources */,
				C1765B922A6BDCD900F65D7E /* LayoutClosure.swift in Sources */,
				CD44F6782C05167D0021DE21 /* EntryScreen.swift in Sources */,
				CD6F0B192C11706800FA67D8 /* AvatarView.swift in Sources */,
				C1765B932A6BDCD900F65D7E /* LayoutProxy.swift in Sources */,
				C1765BCC2A6E930600F65D7E /* UIScrollView+Extensions.swift in Sources */,
				CD550AB52BE12C670070109C /* StarRatingView.swift in Sources */,
				CD5761CE2BFF9BC70032F347 /* vaela.xcdatamodeld in Sources */,
				CD54003E2BF6C7A700666F61 /* UIImage.swift in Sources */,
				CDA979C92BE12705002F3EA6 /* FeedModel.swift in Sources */,
				CD5761532BFCD11F0032F347 /* VisionColor.swift in Sources */,
				C104C8402A6EC4DF00A8B322 /* SharedTransitionConfig.swift in Sources */,
				CD9591682C0530E100B3015C /* UserModel.swift in Sources */,
				CD5762752C00E2890032F347 /* UserAPI.swift in Sources */,
				CD44F68C2C0516C00021DE21 /* CircleView.swift in Sources */,
				CD85093D2BF592AB0061B4F0 /* UITextView.swift in Sources */,
				C1765BCA2A6DC27600F65D7E /* SharedTransitioning.swift in Sources */,
				CD3154892BEB02350020968E /* SearchScreen.swift in Sources */,
				C1765BA32A6BED5E00F65D7E /* ImageMemoryCache.swift in Sources */,
				C1765B8C2A6BDCD900F65D7E /* LayoutSizeDimension.swift in Sources */,
				CD44F68B2C0516C00021DE21 /* DialView.swift in Sources */,
				CD44F6792C05167D0021DE21 /* FeedScreen.swift in Sources */,
			);
			runOnlyForDeploymentPostprocessing = 0;
		};
/* End PBXSourcesBuildPhase section */

/* Begin XCBuildConfiguration section */
		C1765B702A6BD3AF00F65D7E /* Debug */ = {
			isa = XCBuildConfiguration;
			buildSettings = {
				ALWAYS_SEARCH_USER_PATHS = NO;
				CLANG_ANALYZER_NONNULL = YES;
				CLANG_ANALYZER_NUMBER_OBJECT_CONVERSION = YES_AGGRESSIVE;
				CLANG_CXX_LANGUAGE_STANDARD = "gnu++20";
				CLANG_ENABLE_MODULES = YES;
				CLANG_ENABLE_OBJC_ARC = YES;
				CLANG_ENABLE_OBJC_WEAK = YES;
				CLANG_WARN_BLOCK_CAPTURE_AUTORELEASING = YES;
				CLANG_WARN_BOOL_CONVERSION = YES;
				CLANG_WARN_COMMA = YES;
				CLANG_WARN_CONSTANT_CONVERSION = YES;
				CLANG_WARN_DEPRECATED_OBJC_IMPLEMENTATIONS = YES;
				CLANG_WARN_DIRECT_OBJC_ISA_USAGE = YES_ERROR;
				CLANG_WARN_DOCUMENTATION_COMMENTS = YES;
				CLANG_WARN_EMPTY_BODY = YES;
				CLANG_WARN_ENUM_CONVERSION = YES;
				CLANG_WARN_INFINITE_RECURSION = YES;
				CLANG_WARN_INT_CONVERSION = YES;
				CLANG_WARN_NON_LITERAL_NULL_CONVERSION = YES;
				CLANG_WARN_OBJC_IMPLICIT_RETAIN_SELF = YES;
				CLANG_WARN_OBJC_LITERAL_CONVERSION = YES;
				CLANG_WARN_OBJC_ROOT_CLASS = YES_ERROR;
				CLANG_WARN_QUOTED_INCLUDE_IN_FRAMEWORK_HEADER = YES;
				CLANG_WARN_RANGE_LOOP_ANALYSIS = YES;
				CLANG_WARN_STRICT_PROTOTYPES = YES;
				CLANG_WARN_SUSPICIOUS_MOVE = YES;
				CLANG_WARN_UNGUARDED_AVAILABILITY = YES_AGGRESSIVE;
				CLANG_WARN_UNREACHABLE_CODE = YES;
				CLANG_WARN__DUPLICATE_METHOD_MATCH = YES;
				COPY_PHASE_STRIP = NO;
				DEBUG_INFORMATION_FORMAT = dwarf;
				ENABLE_STRICT_OBJC_MSGSEND = YES;
				ENABLE_TESTABILITY = YES;
				GCC_C_LANGUAGE_STANDARD = gnu11;
				GCC_DYNAMIC_NO_PIC = NO;
				GCC_NO_COMMON_BLOCKS = YES;
				GCC_OPTIMIZATION_LEVEL = 0;
				GCC_PREPROCESSOR_DEFINITIONS = (
					"DEBUG=1",
					"$(inherited)",
				);
				GCC_WARN_64_TO_32_BIT_CONVERSION = YES;
				GCC_WARN_ABOUT_RETURN_TYPE = YES_ERROR;
				GCC_WARN_UNDECLARED_SELECTOR = YES;
				GCC_WARN_UNINITIALIZED_AUTOS = YES_AGGRESSIVE;
				GCC_WARN_UNUSED_FUNCTION = YES;
				GCC_WARN_UNUSED_VARIABLE = YES;
				IPHONEOS_DEPLOYMENT_TARGET = 16.4;
				MTL_ENABLE_DEBUG_INFO = INCLUDE_SOURCE;
				MTL_FAST_MATH = YES;
				ONLY_ACTIVE_ARCH = YES;
				SDKROOT = iphoneos;
				SWIFT_ACTIVE_COMPILATION_CONDITIONS = DEBUG;
				SWIFT_OPTIMIZATION_LEVEL = "-Onone";
			};
			name = Debug;
		};
		C1765B712A6BD3AF00F65D7E /* Release */ = {
			isa = XCBuildConfiguration;
			buildSettings = {
				ALWAYS_SEARCH_USER_PATHS = NO;
				CLANG_ANALYZER_NONNULL = YES;
				CLANG_ANALYZER_NUMBER_OBJECT_CONVERSION = YES_AGGRESSIVE;
				CLANG_CXX_LANGUAGE_STANDARD = "gnu++20";
				CLANG_ENABLE_MODULES = YES;
				CLANG_ENABLE_OBJC_ARC = YES;
				CLANG_ENABLE_OBJC_WEAK = YES;
				CLANG_WARN_BLOCK_CAPTURE_AUTORELEASING = YES;
				CLANG_WARN_BOOL_CONVERSION = YES;
				CLANG_WARN_COMMA = YES;
				CLANG_WARN_CONSTANT_CONVERSION = YES;
				CLANG_WARN_DEPRECATED_OBJC_IMPLEMENTATIONS = YES;
				CLANG_WARN_DIRECT_OBJC_ISA_USAGE = YES_ERROR;
				CLANG_WARN_DOCUMENTATION_COMMENTS = YES;
				CLANG_WARN_EMPTY_BODY = YES;
				CLANG_WARN_ENUM_CONVERSION = YES;
				CLANG_WARN_INFINITE_RECURSION = YES;
				CLANG_WARN_INT_CONVERSION = YES;
				CLANG_WARN_NON_LITERAL_NULL_CONVERSION = YES;
				CLANG_WARN_OBJC_IMPLICIT_RETAIN_SELF = YES;
				CLANG_WARN_OBJC_LITERAL_CONVERSION = YES;
				CLANG_WARN_OBJC_ROOT_CLASS = YES_ERROR;
				CLANG_WARN_QUOTED_INCLUDE_IN_FRAMEWORK_HEADER = YES;
				CLANG_WARN_RANGE_LOOP_ANALYSIS = YES;
				CLANG_WARN_STRICT_PROTOTYPES = YES;
				CLANG_WARN_SUSPICIOUS_MOVE = YES;
				CLANG_WARN_UNGUARDED_AVAILABILITY = YES_AGGRESSIVE;
				CLANG_WARN_UNREACHABLE_CODE = YES;
				CLANG_WARN__DUPLICATE_METHOD_MATCH = YES;
				COPY_PHASE_STRIP = NO;
				DEBUG_INFORMATION_FORMAT = "dwarf-with-dsym";
				ENABLE_NS_ASSERTIONS = NO;
				ENABLE_STRICT_OBJC_MSGSEND = YES;
				GCC_C_LANGUAGE_STANDARD = gnu11;
				GCC_NO_COMMON_BLOCKS = YES;
				GCC_WARN_64_TO_32_BIT_CONVERSION = YES;
				GCC_WARN_ABOUT_RETURN_TYPE = YES_ERROR;
				GCC_WARN_UNDECLARED_SELECTOR = YES;
				GCC_WARN_UNINITIALIZED_AUTOS = YES_AGGRESSIVE;
				GCC_WARN_UNUSED_FUNCTION = YES;
				GCC_WARN_UNUSED_VARIABLE = YES;
				IPHONEOS_DEPLOYMENT_TARGET = 16.4;
				MTL_ENABLE_DEBUG_INFO = NO;
				MTL_FAST_MATH = YES;
				SDKROOT = iphoneos;
				SWIFT_COMPILATION_MODE = wholemodule;
				SWIFT_OPTIMIZATION_LEVEL = "-O";
				VALIDATE_PRODUCT = YES;
			};
			name = Release;
		};
		C1765B732A6BD3AF00F65D7E /* Debug */ = {
			isa = XCBuildConfiguration;
			buildSettings = {
				ASSETCATALOG_COMPILER_APPICON_NAME = AppIcon;
				ASSETCATALOG_COMPILER_GLOBAL_ACCENT_COLOR_NAME = AccentColor;
				CODE_SIGN_ENTITLEMENTS = Audition.entitlements;
				CODE_SIGN_STYLE = Automatic;
				CURRENT_PROJECT_VERSION = 1;
				DEVELOPMENT_TEAM = R7MA4PSUFQ;
				GENERATE_INFOPLIST_FILE = YES;
				INFOPLIST_FILE = App/Info.plist;
				INFOPLIST_KEY_UIApplicationSupportsIndirectInputEvents = YES;
				INFOPLIST_KEY_UILaunchStoryboardName = LaunchScreen;
				INFOPLIST_KEY_UISupportedInterfaceOrientations = UIInterfaceOrientationPortrait;
				INFOPLIST_KEY_UISupportedInterfaceOrientations_iPad = "UIInterfaceOrientationLandscapeLeft UIInterfaceOrientationLandscapeRight UIInterfaceOrientationPortrait UIInterfaceOrientationPortraitUpsideDown";
				IPHONEOS_DEPLOYMENT_TARGET = 16.0;
				LD_RUNPATH_SEARCH_PATHS = (
					"$(inherited)",
					"@executable_path/Frameworks",
				);
				MARKETING_VERSION = 1.0;
				PRODUCT_BUNDLE_IDENTIFIER = space.voir.voir;
				PRODUCT_NAME = "$(TARGET_NAME)";
				SUPPORTED_PLATFORMS = "iphoneos iphonesimulator";
				SUPPORTS_MACCATALYST = NO;
				SUPPORTS_MAC_DESIGNED_FOR_IPHONE_IPAD = NO;
				SWIFT_EMIT_LOC_STRINGS = YES;
				SWIFT_VERSION = 5.0;
				TARGETED_DEVICE_FAMILY = 1;
			};
			name = Debug;
		};
		C1765B742A6BD3AF00F65D7E /* Release */ = {
			isa = XCBuildConfiguration;
			buildSettings = {
				ASSETCATALOG_COMPILER_APPICON_NAME = AppIcon;
				ASSETCATALOG_COMPILER_GLOBAL_ACCENT_COLOR_NAME = AccentColor;
				CODE_SIGN_ENTITLEMENTS = Audition.entitlements;
				CODE_SIGN_STYLE = Automatic;
				CURRENT_PROJECT_VERSION = 1;
				DEVELOPMENT_TEAM = R7MA4PSUFQ;
				GENERATE_INFOPLIST_FILE = YES;
				INFOPLIST_FILE = App/Info.plist;
				INFOPLIST_KEY_UIApplicationSupportsIndirectInputEvents = YES;
				INFOPLIST_KEY_UILaunchStoryboardName = LaunchScreen;
				INFOPLIST_KEY_UISupportedInterfaceOrientations = UIInterfaceOrientationPortrait;
				INFOPLIST_KEY_UISupportedInterfaceOrientations_iPad = "UIInterfaceOrientationLandscapeLeft UIInterfaceOrientationLandscapeRight UIInterfaceOrientationPortrait UIInterfaceOrientationPortraitUpsideDown";
				IPHONEOS_DEPLOYMENT_TARGET = 16.0;
				LD_RUNPATH_SEARCH_PATHS = (
					"$(inherited)",
					"@executable_path/Frameworks",
				);
				MARKETING_VERSION = 1.0;
				PRODUCT_BUNDLE_IDENTIFIER = space.voir.voir;
				PRODUCT_NAME = "$(TARGET_NAME)";
				SUPPORTED_PLATFORMS = "iphoneos iphonesimulator";
				SUPPORTS_MACCATALYST = NO;
				SUPPORTS_MAC_DESIGNED_FOR_IPHONE_IPAD = NO;
				SWIFT_EMIT_LOC_STRINGS = YES;
				SWIFT_VERSION = 5.0;
				TARGETED_DEVICE_FAMILY = 1;
			};
			name = Release;
		};
/* End XCBuildConfiguration section */

/* Begin XCConfigurationList section */
		C1765B592A6BD3AF00F65D7E /* Build configuration list for PBXProject "Audition" */ = {
			isa = XCConfigurationList;
			buildConfigurations = (
				C1765B702A6BD3AF00F65D7E /* Debug */,
				C1765B712A6BD3AF00F65D7E /* Release */,
			);
			defaultConfigurationIsVisible = 0;
			defaultConfigurationName = Release;
		};
		C1765B722A6BD3AF00F65D7E /* Build configuration list for PBXNativeTarget "Audition" */ = {
			isa = XCConfigurationList;
			buildConfigurations = (
				C1765B732A6BD3AF00F65D7E /* Debug */,
				C1765B742A6BD3AF00F65D7E /* Release */,
			);
			defaultConfigurationIsVisible = 0;
			defaultConfigurationName = Release;
		};
/* End XCConfigurationList section */

/* Begin XCVersionGroup section */
		CD5761CC2BFF9BC70032F347 /* vaela.xcdatamodeld */ = {
			isa = XCVersionGroup;
			children = (
				CD5761CD2BFF9BC70032F347 /* Vaela.xcdatamodel */,
			);
			currentVersion = CD5761CD2BFF9BC70032F347 /* Vaela.xcdatamodel */;
			path = vaela.xcdatamodeld;
			sourceTree = "<group>";
			versionGroupType = wrapper.xcdatamodel;
		};
/* End XCVersionGroup section */
	};
	rootObject = C1765B562A6BD3AF00F65D7E /* Project object */;
}
